<?xml version="1.0" encoding="utf-8"?>
<Project ToolsVersion="4.0" xmlns="http://schemas.microsoft.com/developer/msbuild/2003">
  <ItemGroup>
    <Filter Include="源文件">
      <UniqueIdentifier>{4FC737F1-C7A5-4376-A066-2A32D752A2FF}</UniqueIdentifier>
      <Extensions>cpp;c;cc;cxx;def;odl;idl;hpj;bat;asm;asmx</Extensions>
    </Filter>
    <Filter Include="头文件">
      <UniqueIdentifier>{93995380-89BD-4b04-88EB-625FBE52EBFB}</UniqueIdentifier>
      <Extensions>h;hh;hpp;hxx;hm;inl;inc;xsd</Extensions>
    </Filter>
    <Filter Include="资源文件">
      <UniqueIdentifier>{67DA6AB6-F800-4c08-8B7A-83BB121AAD01}</UniqueIdentifier>
      <Extensions>rc;ico;cur;bmp;dlg;rc2;rct;bin;rgs;gif;jpg;jpeg;jpe;resx;tiff;tif;png;wav;mfcribbon-ms</Extensions>
    </Filter>
  </ItemGroup>
  <ItemGroup>
    <Text Include="ReadMe.txt" />
  </ItemGroup>
  <ItemGroup>
    <ClInclude Include="stdafx.h">
      <Filter>头文件</Filter>
    </ClInclude>
    <ClInclude Include="targetver.h">
      <Filter>头文件</Filter>
    </ClInclude>
    <ClInclude Include="libiconv\localcharset.h">
      <Filter>头文件</Filter>
    </ClInclude>
    <ClInclude Include="libiconv\iconv.h">
      <Filter>头文件</Filter>
    </ClInclude>
    <ClInclude Include="include\common.h">
      <Filter>头文件</Filter>
    </ClInclude>
    <ClInclude Include="include\database.h">
      <Filter>头文件</Filter>
    </ClInclude>
    <ClInclude Include="include\iconv.h">
      <Filter>头文件</Filter>
    </ClInclude>
    <ClInclude Include="include\protocol.h">
      <Filter>头文件</Filter>
    </ClInclude>
    <ClInclude Include="include\sqlite3.h">
      <Filter>头文件</Filter>
    </ClInclude>
    <ClInclude Include="include\sqlite3ext.h">
      <Filter>头文件</Filter>
    </ClInclude>
    <ClInclude Include="include\sxd.h">
      <Filter>头文件</Filter>
    </ClInclude>
    <ClInclude Include="include\sxd_client.h">
      <Filter>头文件</Filter>
    </ClInclude>
    <ClInclude Include="include\sxd_web.h">
      <Filter>头文件</Filter>
    </ClInclude>
    <ClInclude Include="include\locker.h">
      <Filter>头文件</Filter>
    </ClInclude>
    <ClInclude Include="sql_connection_pool\sql_connection_pool.h">
      <Filter>头文件</Filter>
    </ClInclude>
    <ClInclude Include="my_log\block_queue.h">
      <Filter>头文件</Filter>
    </ClInclude>
    <ClInclude Include="my_log\log.h">
      <Filter>头文件</Filter>
    </ClInclude>
  </ItemGroup>
  <ItemGroup>
    <ClCompile Include="stdafx.cpp">
      <Filter>源文件</Filter>
    </ClCompile>
    <ClCompile Include="tool_of_sxd.cpp">
      <Filter>源文件</Filter>
    </ClCompile>
    <ClCompile Include="sqlite3\shell.c">
      <Filter>源文件</Filter>
    </ClCompile>
    <ClCompile Include="sqlite3\sqlite3.c">
      <Filter>源文件</Filter>
    </ClCompile>
    <ClCompile Include="sxd_clent\sxd_client.cpp">
      <Filter>源文件</Filter>
    </ClCompile>
    <ClCompile Include="sxd_clent\sxd_client_assistant.cpp">
      <Filter>源文件</Filter>
    </ClCompile>
    <ClCompile Include="sxd_clent\sxd_client_awake.cpp">
      <Filter>源文件</Filter>
    </ClCompile>
    <ClCompile Include="sxd_clent\sxd_client_bai_lian_qian_kun.cpp">
      <Filter>源文件</Filter>
    </ClCompile>
    <ClCompile Include="sxd_clent\sxd_client_beelzebub_trials.cpp">
      <Filter>源文件</Filter>
    </ClCompile>
    <ClCompile Include="sxd_clent\sxd_client_bug.cpp">
      <Filter>源文件</Filter>
    </ClCompile>
    <ClCompile Include="sxd_clent\sxd_client_chaos_equipment.cpp">
      <Filter>源文件</Filter>
    </ClCompile>
    <ClCompile Include="sxd_clent\sxd_client_chat.cpp">
      <Filter>源文件</Filter>
    </ClCompile>
    <ClCompile Include="sxd_clent\sxd_client_coin_mission.cpp">
      <Filter>源文件</Filter>
    </ClCompile>
    <ClCompile Include="sxd_clent\sxd_client_courtyard_pet.cpp">
      <Filter>源文件</Filter>
    </ClCompile>
    <ClCompile Include="sxd_clent\sxd_client_dance.cpp">
      <Filter>源文件</Filter>
    </ClCompile>
    <ClCompile Include="sxd_clent\sxd_client_dice_messenger.cpp">
      <Filter>源文件</Filter>
    </ClCompile>
    <ClCompile Include="sxd_clent\sxd_client_dragonball.cpp">
      <Filter>源文件</Filter>
    </ClCompile>
    <ClCompile Include="sxd_clent\sxd_client_dunhuang_treasure.cpp">
      <Filter>源文件</Filter>
    </ClCompile>
    <ClCompile Include="sxd_clent\sxd_client_email.cpp">
      <Filter>源文件</Filter>
    </ClCompile>
    <ClCompile Include="sxd_clent\sxd_client_equipment.cpp">
      <Filter>源文件</Filter>
    </ClCompile>
    <ClCompile Include="sxd_clent\sxd_client_faction.cpp">
      <Filter>源文件</Filter>
    </ClCompile>
    <ClCompile Include="sxd_clent\sxd_client_farm.cpp">
      <Filter>源文件</Filter>
    </ClCompile>
    <ClCompile Include="sxd_clent\sxd_client_fate.cpp">
      <Filter>源文件</Filter>
    </ClCompile>
    <ClCompile Include="sxd_clent\sxd_client_find_immortal.cpp">
      <Filter>源文件</Filter>
    </ClCompile>
    <ClCompile Include="sxd_clent\sxd_client_find_treasure.cpp">
      <Filter>源文件</Filter>
    </ClCompile>
    <ClCompile Include="sxd_clent\sxd_client_fish.cpp">
      <Filter>源文件</Filter>
    </ClCompile>
    <ClCompile Include="sxd_clent\sxd_client_five_elements_laba.cpp">
      <Filter>源文件</Filter>
    </ClCompile>
    <ClCompile Include="sxd_clent\sxd_client_get_peach.cpp">
      <Filter>源文件</Filter>
    </ClCompile>
    <ClCompile Include="sxd_clent\sxd_client_gift.cpp">
      <Filter>源文件</Filter>
    </ClCompile>
    <ClCompile Include="sxd_clent\sxd_client_hero_mission.cpp">
      <Filter>源文件</Filter>
    </ClCompile>
    <ClCompile Include="sxd_clent\sxd_client_hide_treasure_map.cpp">
      <Filter>源文件</Filter>
    </ClCompile>
    <ClCompile Include="sxd_clent\sxd_client_hunt_demon.cpp">
      <Filter>源文件</Filter>
    </ClCompile>
    <ClCompile Include="sxd_clent\sxd_client_item.cpp">
      <Filter>源文件</Filter>
    </ClCompile>
    <ClCompile Include="sxd_clent\sxd_client_library.cpp">
      <Filter>源文件</Filter>
    </ClCompile>
    <ClCompile Include="sxd_clent\sxd_client_link_fate.cpp">
      <Filter>源文件</Filter>
    </ClCompile>
    <ClCompile Include="sxd_clent\sxd_client_lucky_shop.cpp">
      <Filter>源文件</Filter>
    </ClCompile>
    <ClCompile Include="sxd_clent\sxd_client_lucky_super_number.cpp">
      <Filter>源文件</Filter>
    </ClCompile>
    <ClCompile Include="sxd_clent\sxd_client_marry.cpp">
      <Filter>源文件</Filter>
    </ClCompile>
    <ClCompile Include="sxd_clent\sxd_client_marry_home.cpp">
      <Filter>源文件</Filter>
    </ClCompile>
    <ClCompile Include="sxd_clent\sxd_client_memoirs.cpp">
      <Filter>源文件</Filter>
    </ClCompile>
    <ClCompile Include="sxd_clent\sxd_client_nine_regions.cpp">
      <Filter>源文件</Filter>
    </ClCompile>
    <ClCompile Include="sxd_clent\sxd_client_partner_link.cpp">
      <Filter>源文件</Filter>
    </ClCompile>
    <ClCompile Include="sxd_clent\sxd_client_pet_animal.cpp">
      <Filter>源文件</Filter>
    </ClCompile>
    <ClCompile Include="sxd_clent\sxd_client_pot_world.cpp">
      <Filter>源文件</Filter>
    </ClCompile>
    <ClCompile Include="sxd_clent\sxd_client_quest.cpp">
      <Filter>源文件</Filter>
    </ClCompile>
    <ClCompile Include="sxd_clent\sxd_client_regression.cpp">
      <Filter>源文件</Filter>
    </ClCompile>
    <ClCompile Include="sxd_clent\sxd_client_release_welfare.cpp">
      <Filter>源文件</Filter>
    </ClCompile>
    <ClCompile Include="sxd_clent\sxd_client_research.cpp">
      <Filter>源文件</Filter>
    </ClCompile>
    <ClCompile Include="sxd_clent\sxd_client_rob_money.cpp">
      <Filter>源文件</Filter>
    </ClCompile>
    <ClCompile Include="sxd_clent\sxd_client_roll_cake.cpp">
      <Filter>源文件</Filter>
    </ClCompile>
    <ClCompile Include="sxd_clent\sxd_client_rune.cpp">
      <Filter>源文件</Filter>
    </ClCompile>
    <ClCompile Include="sxd_clent\sxd_client_sa_super_sport.cpp">
      <Filter>源文件</Filter>
    </ClCompile>
    <ClCompile Include="sxd_clent\sxd_client_sa_take_bible.cpp">
      <Filter>源文件</Filter>
    </ClCompile>
    <ClCompile Include="sxd_clent\sxd_client_saint_area.cpp">
      <Filter>源文件</Filter>
    </ClCompile>
    <ClCompile Include="sxd_clent\sxd_client_send_flower.cpp">
      <Filter>源文件</Filter>
    </ClCompile>
    <ClCompile Include="sxd_clent\sxd_client_server_chat_room.cpp">
      <Filter>源文件</Filter>
    </ClCompile>
    <ClCompile Include="sxd_clent\sxd_client_spring_carnival.cpp">
      <Filter>源文件</Filter>
    </ClCompile>
    <ClCompile Include="sxd_clent\sxd_client_st_altar.cpp">
      <Filter>源文件</Filter>
    </ClCompile>
    <ClCompile Include="sxd_clent\sxd_client_st_arena.cpp">
      <Filter>源文件</Filter>
    </ClCompile>
    <ClCompile Include="sxd_clent\sxd_client_st_big_turntable.cpp">
      <Filter>源文件</Filter>
    </ClCompile>
    <ClCompile Include="sxd_clent\sxd_client_st_daoyuan_shop.cpp">
      <Filter>源文件</Filter>
    </ClCompile>
    <ClCompile Include="sxd_clent\sxd_client_st_mine.cpp">
      <Filter>源文件</Filter>
    </ClCompile>
    <ClCompile Include="sxd_clent\sxd_client_st_practice_room.cpp">
      <Filter>源文件</Filter>
    </ClCompile>
    <ClCompile Include="sxd_clent\sxd_client_st_super_sport.cpp">
      <Filter>源文件</Filter>
    </ClCompile>
    <ClCompile Include="sxd_clent\sxd_client_st_take_bible.cpp">
      <Filter>源文件</Filter>
    </ClCompile>
    <ClCompile Include="sxd_clent\sxd_client_st_union.cpp">
      <Filter>源文件</Filter>
    </ClCompile>
    <ClCompile Include="sxd_clent\sxd_client_sunday_fruit.cpp">
      <Filter>源文件</Filter>
    </ClCompile>
    <ClCompile Include="sxd_clent\sxd_client_super_sport.cpp">
      <Filter>源文件</Filter>
    </ClCompile>
    <ClCompile Include="sxd_clent\sxd_client_super_town.cpp">
      <Filter>源文件</Filter>
    </ClCompile>
    <ClCompile Include="sxd_clent\sxd_client_three_anniversary_signIn.cpp">
      <Filter>源文件</Filter>
    </ClCompile>
    <ClCompile Include="sxd_clent\sxd_client_town.cpp">
      <Filter>源文件</Filter>
    </ClCompile>
    <ClCompile Include="sxd_clent\sxd_client_training.cpp">
      <Filter>源文件</Filter>
    </ClCompile>
    <ClCompile Include="sxd_clent\sxd_client_travel_event.cpp">
      <Filter>源文件</Filter>
    </ClCompile>
    <ClCompile Include="sxd_clent\sxd_client_wager_shop.cpp">
      <Filter>源文件</Filter>
    </ClCompile>
    <ClCompile Include="sxd_clent\sxd_client_wish_pool.cpp">
      <Filter>源文件</Filter>
    </ClCompile>
    <ClCompile Include="sxd_clent\sxd_client_wish_tower.cpp">
      <Filter>源文件</Filter>
    </ClCompile>
    <ClCompile Include="sxd_web\sxd_web.cpp">
      <Filter>源文件</Filter>
    </ClCompile>
    <ClCompile Include="sxd\sxd.cpp">
      <Filter>源文件</Filter>
    </ClCompile>
    <ClCompile Include="common\common.cpp">
      <Filter>源文件</Filter>
    </ClCompile>
    <ClCompile Include="database\database.cpp">
      <Filter>源文件</Filter>
    </ClCompile>
    <ClCompile Include="libiconv\iconv.c">
      <Filter>源文件</Filter>
    </ClCompile>
    <ClCompile Include="libiconv\localcharset.c">
      <Filter>源文件</Filter>
    </ClCompile>
    <ClCompile Include="jsoncpp.cpp">
      <Filter>源文件</Filter>
    </ClCompile>
    <ClCompile Include="protocol\protocol.cpp">
      <Filter>源文件</Filter>
    </ClCompile>
    <ClCompile Include="sxd_clent\sxd_client_shanhaiworld.cpp">
      <Filter>源文件</Filter>
    </ClCompile>
    <ClCompile Include="my_log\log.cpp">
      <Filter>源文件</Filter>
    </ClCompile>
    <ClCompile Include="sql_connection_pool\sql_connection_pool.cpp">
      <Filter>源文件</Filter>
    </ClCompile>
    <ClCompile Include="sxd_clent\StEightImmortals.cpp">
      <Filter>源文件</Filter>
    </ClCompile>
    <ClCompile Include="sxd\sxd_client_sa_trials.cpp">
      <Filter>源文件</Filter>
    </ClCompile>
    <ClCompile Include="sxd_clent\sxd_client_master_practice.cpp">
      <Filter>源文件</Filter>
    </ClCompile>
    <ClCompile Include="sxd_clent\sxd_client_DevilExpedition.cpp">
      <Filter>源文件</Filter>
    </ClCompile>
    <ClCompile Include="sxd_clent\sxd_client_PhantomGemLottery.cpp">
      <Filter>源文件</Filter>
    </ClCompile>
    <ClCompile Include="sxd_clent\sxd_client_MemoryZone.cpp">
      <Filter>源文件</Filter>
    </ClCompile>
    <ClCompile Include="sxd_clent\sxd_client_WuFaField.cpp">
      <Filter>源文件</Filter>
    </ClCompile>
    <ClCompile Include="sxd_clent\sxd_client_MainRoleFaXiang.cpp">
      <Filter>源文件</Filter>
    </ClCompile>
    <ClCompile Include="sxd_clent\sxd_client_ClearClouds.cpp">
      <Filter>源文件</Filter>
    </ClCompile>
    <ClCompile Include="sxd_client_FiveElementsPalace.cpp">
      <Filter>源文件</Filter>
    </ClCompile>
    <ClCompile Include="sxd_client_Fairyland.cpp">
      <Filter>源文件</Filter>
    </ClCompile>
    <ClCompile Include="sxd_clent\sxd_client_RepressDemonTower.cpp">
      <Filter>源文件</Filter>
    </ClCompile>
    <ClCompile Include="sxd_clent\sxd_client_satrials.cpp">
      <Filter>源文件</Filter>
    </ClCompile>
    <ClCompile Include="sxd_clent\sxd_client_MysticCapture.cpp">
      <Filter>源文件</Filter>
    </ClCompile>
    <ClCompile Include="sxd_clent\sxd_client_Sect.cpp">
      <Filter>源文件</Filter>
    </ClCompile>
    <ClCompile Include="sxd_clent\sxd_client_RaceOrder.cpp">
      <Filter>源文件</Filter>
    </ClCompile>
    <ClCompile Include="sxd_clent\sxd_client_SeekImmortalRoad.cpp">
      <Filter>源文件</Filter>
    </ClCompile>
    <ClCompile Include="sxd_clent\sxd_client_monopoly.cpp">
      <Filter>源文件</Filter>
    </ClCompile>
    <ClCompile Include="sxd_clent\sxd_client_wanfa.cpp">
      <Filter>源文件</Filter>
    </ClCompile>
    <ClCompile Include="sxd_clent\sxd_client_glazepavilion.cpp">
      <Filter>源文件</Filter>
    </ClCompile>
    <ClCompile Include="sxd_clent\sxd_client_SoulHuntBlessGif.cpp">
      <Filter>源文件</Filter>
    </ClCompile>
    <ClCompile Include="sxd_clent\sxd_client_CosmosFight.cpp">
      <Filter>源文件</Filter>
    </ClCompile>
    <ClCompile Include="sxd_clent\sxd_client_LinlangPavilion.cpp">
      <Filter>源文件</Filter>
    </ClCompile>
    <ClCompile Include="sxd_clent\sxd_client_XiuZhenRealm.cpp">
      <Filter>源文件</Filter>
    </ClCompile>
    <ClCompile Include="sxd_clent\sxd_client_HeroesBattle.cpp">
      <Filter>源文件</Filter>
    </ClCompile>
  </ItemGroup>
  <ItemGroup>
    <ResourceCompile Include="tool_of_sxd.rc">
      <Filter>资源文件</Filter>
    </ResourceCompile>
  </ItemGroup>
</Project>